{
  "name": "psm-frontend",
  "requires": true,
  "lockfileVersion": 1,
  "dependencies": {
    "axe-core": {
      "version": "2.6.1",
      "resolved": "https://registry.npmjs.org/axe-core/-/axe-core-2.6.1.tgz",
      "integrity": "sha512-QFfI3d+x/v92HJWGBaNfgrxdfon9/xXzd04YYfm5w5NJQOLex8qkJCctOt7+ky6e1l9zcQ5E7jsvbnTgQzyfTw=="
    }
  }
}
